<?xml version="1.0" encoding="utf-8"?>
<Project ToolsVersion="4.0" xmlns="http://schemas.microsoft.com/developer/msbuild/2003">
  <ItemGroup>
    <ClCompile Include="pch.cpp" />
    <ClCompile Include="source\main.cpp">
      <Filter>source</Filter>
    </ClCompile>
    <ClCompile Include="source\assets\controls.res.cpp">
      <Filter>source\assets</Filter>
    </ClCompile>
    <ClCompile Include="source\assets\graphics.res.cpp">
      <Filter>source\assets</Filter>
    </ClCompile>
    <ClCompile Include="source\assets\xaml.res.cpp">
      <Filter>source\assets</Filter>
    </ClCompile>
    <ClCompile Include="source\states\app_state.cpp">
      <Filter>source\states</Filter>
    </ClCompile>
    <ClCompile Include="source\core\globals.cpp">
      <Filter>source\core</Filter>
    </ClCompile>
  </ItemGroup>
  <ItemGroup>
    <ClInclude Include="pch.h" />
    <ClInclude Include="source\states\app_state.h">
      <Filter>source\states</Filter>
    </ClInclude>
    <ClInclude Include="source\core\globals.h">
      <Filter>source\core</Filter>
    </ClInclude>
  </ItemGroup>
  <ItemGroup>
    <ResJson Include="assets\controls.res.json">
      <Filter>assets</Filter>
    </ResJson>
    <ResJson Include="assets\graphics.res.json">
      <Filter>assets</Filter>
    </ResJson>
    <ResJson Include="assets\xaml.res.json">
      <Filter>assets</Filter>
    </ResJson>
  </ItemGroup>
  <ItemGroup>
    <Image Include="assets\logo\SplashScreen.scale-100.png">
      <Filter>assets\logo</Filter>
    </Image>
    <Image Include="assets\logo\SplashScreen.scale-125.png">
      <Filter>assets\logo</Filter>
    </Image>
    <Image Include="assets\logo\SplashScreen.scale-150.png">
      <Filter>assets\logo</Filter>
    </Image>
    <Image Include="assets\logo\SplashScreen.scale-200.png">
      <Filter>assets\logo</Filter>
    </Image>
    <Image Include="assets\logo\SplashScreen.scale-400.png">
      <Filter>assets\logo</Filter>
    </Image>
    <Image Include="assets\logo\Square44x44Logo.altform-lightunplated_targetsize-16.png">
      <Filter>assets\logo</Filter>
    </Image>
    <Image Include="assets\logo\Square44x44Logo.altform-lightunplated_targetsize-24.png">
      <Filter>assets\logo</Filter>
    </Image>
    <Image Include="assets\logo\Square44x44Logo.altform-lightunplated_targetsize-32.png">
      <Filter>assets\logo</Filter>
    </Image>
    <Image Include="assets\logo\Square44x44Logo.altform-lightunplated_targetsize-48.png">
      <Filter>assets\logo</Filter>
    </Image>
    <Image Include="assets\logo\Square44x44Logo.altform-lightunplated_targetsize-256.png">
      <Filter>assets\logo</Filter>
    </Image>
    <Image Include="assets\logo\Square44x44Logo.altform-unplated_targetsize-16.png">
      <Filter>assets\logo</Filter>
    </Image>
    <Image Include="assets\logo\Square44x44Logo.altform-unplated_targetsize-24.png">
      <Filter>assets\logo</Filter>
    </Image>
    <Image Include="assets\logo\Square44x44Logo.altform-unplated_targetsize-32.png">
      <Filter>assets\logo</Filter>
    </Image>
    <Image Include="assets\logo\Square44x44Logo.altform-unplated_targetsize-48.png">
      <Filter>assets\logo</Filter>
    </Image>
    <Image Include="assets\logo\Square44x44Logo.altform-unplated_targetsize-256.png">
      <Filter>assets\logo</Filter>
    </Image>
    <Image Include="assets\logo\Square44x44Logo.scale-100.png">
      <Filter>assets\logo</Filter>
    </Image>
    <Image Include="assets\logo\Square44x44Logo.scale-125.png">
      <Filter>assets\logo</Filter>
    </Image>
    <Image Include="assets\logo\Square44x44Logo.scale-150.png">
      <Filter>assets\logo</Filter>
    </Image>
    <Image Include="assets\logo\Square44x44Logo.scale-200.png">
      <Filter>assets\logo</Filter>
    </Image>
    <Image Include="assets\logo\Square44x44Logo.scale-400.png">
      <Filter>assets\logo</Filter>
    </Image>
    <Image Include="assets\logo\Square44x44Logo.targetsize-16.png">
      <Filter>assets\logo</Filter>
    </Image>
    <Image Include="assets\logo\Square44x44Logo.targetsize-24.png">
      <Filter>assets\logo</Filter>
    </Image>
    <Image Include="assets\logo\Square44x44Logo.targetsize-32.png">
      <Filter>assets\logo</Filter>
    </Image>
    <Image Include="assets\logo\Square44x44Logo.targetsize-48.png">
      <Filter>assets\logo</Filter>
    </Image>
    <Image Include="assets\logo\Square44x44Logo.targetsize-256.png">
      <Filter>assets\logo</Filter>
    </Image>
    <Image Include="assets\logo\Square71x71Logo.scale-100.png">
      <Filter>assets\logo</Filter>
    </Image>
    <Image Include="assets\logo\Square71x71Logo.scale-125.png">
      <Filter>assets\logo</Filter>
    </Image>
    <Image Include="assets\logo\Square71x71Logo.scale-150.png">
      <Filter>assets\logo</Filter>
    </Image>
    <Image Include="assets\logo\Square71x71Logo.scale-200.png">
      <Filter>assets\logo</Filter>
    </Image>
    <Image Include="assets\logo\Square71x71Logo.scale-400.png">
      <Filter>assets\logo</Filter>
    </Image>
    <Image Include="assets\logo\Square150x150Logo.scale-100.png">
      <Filter>assets\logo</Filter>
    </Image>
    <Image Include="assets\logo\Square150x150Logo.scale-125.png">
      <Filter>assets\logo</Filter>
    </Image>
    <Image Include="assets\logo\Square150x150Logo.scale-150.png">
      <Filter>assets\logo</Filter>
    </Image>
    <Image Include="assets\logo\Square150x150Logo.scale-200.png">
      <Filter>assets\logo</Filter>
    </Image>
    <Image Include="assets\logo\Square150x150Logo.scale-400.png">
      <Filter>assets\logo</Filter>
    </Image>
    <Image Include="assets\logo\Square310x310Logo.scale-100.png">
      <Filter>assets\logo</Filter>
    </Image>
    <Image Include="assets\logo\Square310x310Logo.scale-125.png">
      <Filter>assets\logo</Filter>
    </Image>
    <Image Include="assets\logo\Square310x310Logo.scale-150.png">
      <Filter>assets\logo</Filter>
    </Image>
    <Image Include="assets\logo\Square310x310Logo.scale-200.png">
      <Filter>assets\logo</Filter>
    </Image>
    <Image Include="assets\logo\Square310x310Logo.scale-400.png">
      <Filter>assets\logo</Filter>
    </Image>
    <Image Include="assets\logo\StoreLogo.scale-100.png">
      <Filter>assets\logo</Filter>
    </Image>
    <Image Include="assets\logo\StoreLogo.scale-125.png">
      <Filter>assets\logo</Filter>
    </Image>
    <Image Include="assets\logo\StoreLogo.scale-150.png">
      <Filter>assets\logo</Filter>
    </Image>
    <Image Include="assets\logo\StoreLogo.scale-200.png">
      <Filter>assets\logo</Filter>
    </Image>
    <Image Include="assets\logo\StoreLogo.scale-400.png">
      <Filter>assets\logo</Filter>
    </Image>
    <Image Include="assets\logo\Wide310x150Logo.scale-100.png">
      <Filter>assets\logo</Filter>
    </Image>
    <Image Include="assets\logo\Wide310x150Logo.scale-125.png">
      <Filter>assets\logo</Filter>
    </Image>
    <Image Include="assets\logo\Wide310x150Logo.scale-150.png">
      <Filter>assets\logo</Filter>
    </Image>
    <Image Include="assets\logo\Wide310x150Logo.scale-200.png">
      <Filter>assets\logo</Filter>
    </Image>
    <Image Include="assets\logo\Wide310x150Logo.scale-400.png">
      <Filter>assets\logo</Filter>
    </Image>
  </ItemGroup>
  <ItemGroup>
    <AppxManifest Include="Package.appxmanifest" />
  </ItemGroup>
  <ItemGroup>
    <None Include="$(NoesisDll)" />
    <None Include="$(WinPixDll)" />
    <None Include="game_TemporaryKey.pfx" />
  </ItemGroup>
  <ItemGroup>
    <Filter Include="assets">
      <UniqueIdentifier>{a4e9f170-85a6-454c-844b-8e2940212449}</UniqueIdentifier>
    </Filter>
    <Filter Include="assets\logo">
      <UniqueIdentifier>{9ea129f4-c109-49b2-a344-1a6e1e98e4a9}</UniqueIdentifier>
    </Filter>
    <Filter Include="source">
      <UniqueIdentifier>{d477ad5b-ddfb-4f6f-b659-33cf3206c61d}</UniqueIdentifier>
    </Filter>
    <Filter Include="source\assets">
      <UniqueIdentifier>{f58cbf77-3734-4808-a395-c833b485079a}</UniqueIdentifier>
    </Filter>
    <Filter Include="source\states">
      <UniqueIdentifier>{e7725f9e-be56-4016-adde-9a7ceac01d4c}</UniqueIdentifier>
    </Filter>
    <Filter Include="source\core">
      <UniqueIdentifier>{981296c0-fee3-43f7-a2f3-51b66626fdf9}</UniqueIdentifier>
    </Filter>
  </ItemGroup>
</Project>