<?xml version="1.0" encoding="utf-8"?>
<Project ToolsVersion="4.0" xmlns="http://schemas.microsoft.com/developer/msbuild/2003">
  <ItemGroup>
    <Manifest Include="app.manifest" />
  </ItemGroup>
  <ItemGroup>
    <ClCompile Include="pch.cpp" />
    <ClCompile Include="main.cpp" />
    <ClCompile Include="core\audio.cpp">
      <Filter>core</Filter>
    </ClCompile>
    <ClCompile Include="core\constants.cpp">
      <Filter>core</Filter>
    </ClCompile>
    <ClCompile Include="core\game.cpp">
      <Filter>core</Filter>
    </ClCompile>
    <ClCompile Include="core\levels.cpp">
      <Filter>core</Filter>
    </ClCompile>
    <ClCompile Include="core\particles.cpp">
      <Filter>core</Filter>
    </ClCompile>
    <ClCompile Include="core\renderer.cpp">
      <Filter>core</Filter>
    </ClCompile>
    <ClCompile Include="core\updater.cpp">
      <Filter>core</Filter>
    </ClCompile>
    <ClCompile Include="states\app_state.cpp">
      <Filter>states</Filter>
    </ClCompile>
    <ClCompile Include="states\play_state.cpp">
      <Filter>states</Filter>
    </ClCompile>
    <ClCompile Include="states\title_state.cpp">
      <Filter>states</Filter>
    </ClCompile>
  </ItemGroup>
  <ItemGroup>
    <ClInclude Include="pch.h" />
    <ClInclude Include="core\audio.h">
      <Filter>core</Filter>
    </ClInclude>
    <ClInclude Include="core\constants.h">
      <Filter>core</Filter>
    </ClInclude>
    <ClInclude Include="core\game.h">
      <Filter>core</Filter>
    </ClInclude>
    <ClInclude Include="core\levels.h">
      <Filter>core</Filter>
    </ClInclude>
    <ClInclude Include="core\particles.h">
      <Filter>core</Filter>
    </ClInclude>
    <ClInclude Include="core\renderer.h">
      <Filter>core</Filter>
    </ClInclude>
    <ClInclude Include="core\updater.h">
      <Filter>core</Filter>
    </ClInclude>
    <ClInclude Include="states\app_state.h">
      <Filter>states</Filter>
    </ClInclude>
    <ClInclude Include="states\play_state.h">
      <Filter>states</Filter>
    </ClInclude>
    <ClInclude Include="states\title_state.h">
      <Filter>states</Filter>
    </ClInclude>
  </ItemGroup>
  <ItemGroup>
    <ResJson Include="assets\controls.res.json">
      <Filter>assets</Filter>
    </ResJson>
    <ResJson Include="assets\graphics.res.json">
      <Filter>assets</Filter>
    </ResJson>
    <ResJson Include="assets\particles.res.json">
      <Filter>assets</Filter>
    </ResJson>
    <ResJson Include="assets\game.res.json">
      <Filter>assets</Filter>
    </ResJson>
  </ItemGroup>
  <ItemGroup>
    <Filter Include="assets">
      <UniqueIdentifier>{95c949a2-413e-4ad4-8200-77d656de6b2a}</UniqueIdentifier>
    </Filter>
    <Filter Include="core">
      <UniqueIdentifier>{8c501a47-a839-454c-8f3f-b1f7eb05cd2b}</UniqueIdentifier>
    </Filter>
    <Filter Include="states">
      <UniqueIdentifier>{bc5d638a-2903-4699-819c-4e3277d037b7}</UniqueIdentifier>
    </Filter>
  </ItemGroup>
  <ItemGroup>
    <None Include="$(NoesisDll)" />
    <None Include="$(WinPixDll)" />
  </ItemGroup>
  <ItemGroup>
    <ResourceCompile Include="resource.rc" />
  </ItemGroup>
</Project>